{
  "requires": true,
  "lockfileVersion": 1,
  "dependencies": {
    "mkdirp": {
      "version": "0.3.5",
      "resolved": "http://registry.npmjs.org/mkdirp/-/mkdirp-0.3.5.tgz",
      "integrity": "sha1-3j5fiWHIjHh+4TaN+EmsRBPsqNc="
    },
    "shade": {
      "version": "0.1.1",
      "resolved": "https://registry.npmjs.org/shade/-/shade-0.1.1.tgz",
      "integrity": "sha1-4DLIDbofU95kPdVn3iLxitIZgE8=",
      "requires": {
        "mkdirp": "~0.3.4"
      }
    }
  }
}
